
Microsoft Visual Studio Solution File, Format Version 12.00
# Visual Studio Version 16
VisualStudioVersion = 16.0.31205.134
MinimumVisualStudioVersion = 10.0.40219.1
Project("{FAE04EC0-301F-11D3-BF4B-00C04F79EFBC}") = "WorldExercise", "WorldExercise.csproj", "{C71E337D-A0D2-4782-8159-76632FC6DE1D}"
EndProject
Global
	GlobalSection(SolutionConfigurationPlatforms) = preSolution
		Debug|Any CPU = Debug|Any CPU
		Release|Any CPU = Release|Any CPU
	EndGlobalSection
	GlobalSection(ProjectConfigurationPlatforms) = postSolution
		{C71E337D-A0D2-4782-8159-76632FC6DE1D}.Debug|Any CPU.ActiveCfg = Debug|Any CPU
		{C71E337D-A0D2-4782-8159-76632FC6DE1D}.Debug|Any CPU.Build.0 = Debug|Any CPU
		{C71E337D-A0D2-4782-8159-76632FC6DE1D}.Release|Any CPU.ActiveCfg = Release|Any CPU
		{C71E337D-A0D2-4782-8159-76632FC6DE1D}.Release|Any CPU.Build.0 = Release|Any CPU
	EndGlobalSection
	GlobalSection(SolutionProperties) = preSolution
		HideSolutionNode = FALSE
	EndGlobalSection
	GlobalSection(ExtensibilityGlobals) = postSolution
		SolutionGuid = {7DE13C47-9100-45D6-BB7A-C2AC11637669}
	EndGlobalSection
EndGlobal
